{
  "object": {
    "pins": [
      {
        "package": "SDGCornerstone",
        "repositoryURL": "https://github.com/SDGGiesbrecht/SDGCornerstone",
        "state": {
          "branch": null,
          "revision": "e91e93e92b3ea7e99b6d24fcf10f2ed8eb69aef4",
          "version": "6.0.0"
        }
      },
      {
        "package": "SDGWeb",
        "repositoryURL": "https://github.com/SDGGiesbrecht/SDGWeb",
        "state": {
          "branch": null,
          "revision": "c6baf912a20ff62993761a8cb26eea4e6308994f",
          "version": "5.4.1"
        }
      },
      {
        "package": "cmark",
        "repositoryURL": "https://github.com/SDGGiesbrecht/swift-cmark",
        "state": {
          "branch": null,
          "revision": "bfa95d55b535fa178f75484b5e8f82ae3d8517af",
          "version": "0.0.50200"
        }
      },
      {
        "package": "llbuild",
        "repositoryURL": "https://github.com/apple/swift-llbuild.git",
        "state": {
          "branch": null,
          "revision": "fb7ebf0b06c0d7c45ca8e18b3371424503a38b5c",
          "version": "0.3.0"
        }
      },
      {
        "package": "swift-numerics",
        "repositoryURL": "https://github.com/apple/swift-numerics",
        "state": {
          "branch": null,
          "revision": "110beefe0b9a4af05b09f2d33faf52740d9229a7",
          "version": "0.0.6"
        }
      },
      {
        "package": "SwiftPM",
        "repositoryURL": "https://github.com/SDGGiesbrecht/swift-package-manager",
        "state": {
          "branch": "swift‐5.3",
          "revision": "b31923ce9a30e4039dd28f3472d5fca514125181",
          "version": null
        }
      },
      {
        "package": "SwiftSyntax",
        "repositoryURL": "https://github.com/apple/swift-syntax",
        "state": {
          "branch": null,
          "revision": "844574d683f53d0737a9c6d706c3ef31ed2955eb",
          "version": "0.50300.0"
        }
      },
      {
        "package": "swift-tools-support-core",
        "repositoryURL": "https://github.com/apple/swift-tools-support-core.git",
        "state": {
          "branch": null,
          "revision": "f39fc6c12266697b1585589090f0004903974685",
          "version": "0.1.10"
        }
      }
    ]
  },
  "version": 1
}
