{
  "object": {
    "pins": [
      {
        "package": "SDGCornerstone",
        "repositoryURL": "https://github.com/SDGGiesbrecht/SDGCornerstone",
        "state": {
          "branch": null,
          "revision": "9202f8a8e425fb27e30f5203ed45dba0014650d5",
          "version": "0.9.2"
        }
      },
      {
        "package": "SwiftPM",
        "repositoryURL": "https://github.com/apple/swift-package-manager",
        "state": {
          "branch": null,
          "revision": "63a01220e93271dc3bf204b9e13dd1aeb2beefee",
          "version": "0.2.0"
        }
      }
    ]
  },
  "version": 1
}
